
Microsoft Visual Studio Solution File, Format Version 12.00
# Visual Studio Version 17
VisualStudioVersion = 17.2.32616.157
MinimumVisualStudioVersion = 10.0.40219.1
Project("{FAE04EC0-301F-11D3-BF4B-00C04F79EFBC}") = "phase1section3.6", "phase1section3.6.csproj", "{88E5104B-14F0-454E-A08A-29A99C0ADFC8}"
EndProject
Global
	GlobalSection(SolutionConfigurationPlatforms) = preSolution
		Debug|Any CPU = Debug|Any CPU
		Release|Any CPU = Release|Any CPU
	EndGlobalSection
	GlobalSection(ProjectConfigurationPlatforms) = postSolution
		{88E5104B-14F0-454E-A08A-29A99C0ADFC8}.Debug|Any CPU.ActiveCfg = Debug|Any CPU
		{88E5104B-14F0-454E-A08A-29A99C0ADFC8}.Debug|Any CPU.Build.0 = Debug|Any CPU
		{88E5104B-14F0-454E-A08A-29A99C0ADFC8}.Release|Any CPU.ActiveCfg = Release|Any CPU
		{88E5104B-14F0-454E-A08A-29A99C0ADFC8}.Release|Any CPU.Build.0 = Release|Any CPU
	EndGlobalSection
	GlobalSection(SolutionProperties) = preSolution
		HideSolutionNode = FALSE
	EndGlobalSection
	GlobalSection(ExtensibilityGlobals) = postSolution
		SolutionGuid = {8A2FFBE4-9091-409F-B3C1-ED61DAC14434}
	EndGlobalSection
EndGlobal
